
Microsoft Visual Studio Solution File, Format Version 12.00
# Visual Studio Version 17
VisualStudioVersion = 17.1.32228.430
MinimumVisualStudioVersion = 10.0.40219.1
Project("{9A19103F-16F7-4668-BE54-9A1E7A4F7556}") = "KUSYS.Core", "KUSYS.Core\KUSYS.Core.csproj", "{E2B0F073-7651-4F74-A90B-78724DF893A5}"
EndProject
Project("{9A19103F-16F7-4668-BE54-9A1E7A4F7556}") = "KUSYS.Data", "KUSYS.Data\KUSYS.Data.csproj", "{4DF25535-8DA4-4B78-BB61-7B7DA81D0A48}"
EndProject
Project("{9A19103F-16F7-4668-BE54-9A1E7A4F7556}") = "KUSYS.Web.Api", "KUSYS.Web.Api\KUSYS.Web.Api.csproj", "{4D78BA8E-863E-48FE-B495-885F2B74988A}"
EndProject
Project("{9A19103F-16F7-4668-BE54-9A1E7A4F7556}") = "KUSYS.Business", "KUSYS.Business\KUSYS.Business.csproj", "{B8BA0A24-808A-4230-8E0B-6AB9A051D803}"
EndProject
Project("{FAE04EC0-301F-11D3-BF4B-00C04F79EFBC}") = "KUSYS.Web.UI", "KUSYS.Web.UI\KUSYS.Web.UI.csproj", "{E0FA3E31-3E6E-48B6-A346-68825F1781F3}"
EndProject
Global
	GlobalSection(SolutionConfigurationPlatforms) = preSolution
		Debug|Any CPU = Debug|Any CPU
		Release|Any CPU = Release|Any CPU
	EndGlobalSection
	GlobalSection(ProjectConfigurationPlatforms) = postSolution
		{E2B0F073-7651-4F74-A90B-78724DF893A5}.Debug|Any CPU.ActiveCfg = Debug|Any CPU
		{E2B0F073-7651-4F74-A90B-78724DF893A5}.Debug|Any CPU.Build.0 = Debug|Any CPU
		{E2B0F073-7651-4F74-A90B-78724DF893A5}.Release|Any CPU.ActiveCfg = Release|Any CPU
		{E2B0F073-7651-4F74-A90B-78724DF893A5}.Release|Any CPU.Build.0 = Release|Any CPU
		{4DF25535-8DA4-4B78-BB61-7B7DA81D0A48}.Debug|Any CPU.ActiveCfg = Debug|Any CPU
		{4DF25535-8DA4-4B78-BB61-7B7DA81D0A48}.Debug|Any CPU.Build.0 = Debug|Any CPU
		{4DF25535-8DA4-4B78-BB61-7B7DA81D0A48}.Release|Any CPU.ActiveCfg = Release|Any CPU
		{4DF25535-8DA4-4B78-BB61-7B7DA81D0A48}.Release|Any CPU.Build.0 = Release|Any CPU
		{4D78BA8E-863E-48FE-B495-885F2B74988A}.Debug|Any CPU.ActiveCfg = Debug|Any CPU
		{4D78BA8E-863E-48FE-B495-885F2B74988A}.Debug|Any CPU.Build.0 = Debug|Any CPU
		{4D78BA8E-863E-48FE-B495-885F2B74988A}.Release|Any CPU.ActiveCfg = Release|Any CPU
		{4D78BA8E-863E-48FE-B495-885F2B74988A}.Release|Any CPU.Build.0 = Release|Any CPU
		{B8BA0A24-808A-4230-8E0B-6AB9A051D803}.Debug|Any CPU.ActiveCfg = Debug|Any CPU
		{B8BA0A24-808A-4230-8E0B-6AB9A051D803}.Debug|Any CPU.Build.0 = Debug|Any CPU
		{B8BA0A24-808A-4230-8E0B-6AB9A051D803}.Release|Any CPU.ActiveCfg = Release|Any CPU
		{B8BA0A24-808A-4230-8E0B-6AB9A051D803}.Release|Any CPU.Build.0 = Release|Any CPU
		{E0FA3E31-3E6E-48B6-A346-68825F1781F3}.Debug|Any CPU.ActiveCfg = Debug|Any CPU
		{E0FA3E31-3E6E-48B6-A346-68825F1781F3}.Debug|Any CPU.Build.0 = Debug|Any CPU
		{E0FA3E31-3E6E-48B6-A346-68825F1781F3}.Release|Any CPU.ActiveCfg = Release|Any CPU
		{E0FA3E31-3E6E-48B6-A346-68825F1781F3}.Release|Any CPU.Build.0 = Release|Any CPU
	EndGlobalSection
	GlobalSection(SolutionProperties) = preSolution
		HideSolutionNode = FALSE
	EndGlobalSection
	GlobalSection(ExtensibilityGlobals) = postSolution
		SolutionGuid = {9351FF26-F36D-4440-9AD5-179E559226E9}
	EndGlobalSection
EndGlobal
